// !$*UTF8*$!
{
	archiveVersion = 1;
	classes = {
	};
	objectVersion = 48;
	objects = {

/* Begin PBXBuildFile section */
		78218EE721DD1D1B009756C5 /* Starting.storyboard in Resources */ = {isa = PBXBuildFile; fileRef = 78218EE621DD1D1B009756C5 /* Starting.storyboard */; };
		78218EEB21DD1EB1009756C5 /* StartingViewController.swift in Sources */ = {isa = PBXBuildFile; fileRef = 78218EEA21DD1EB1009756C5 /* StartingViewController.swift */; };
		78218EEE21DD344C009756C5 /* CLBLTNPageItem.swift in Sources */ = {isa = PBXBuildFile; fileRef = 78218EED21DD344C009756C5 /* CLBLTNPageItem.swift */; };
		78218EF021DD37CD009756C5 /* CLBLTNLoginPageItem.swift in Sources */ = {isa = PBXBuildFile; fileRef = 78218EEF21DD37CD009756C5 /* CLBLTNLoginPageItem.swift */; };
		78218EF221DD5838009756C5 /* CLBLTNErrorPageItem.swift in Sources */ = {isa = PBXBuildFile; fileRef = 78218EF121DD5838009756C5 /* CLBLTNErrorPageItem.swift */; };
		78218EF521DD5A0B009756C5 /* Main.storyboard in Resources */ = {isa = PBXBuildFile; fileRef = 78218EF421DD5A0B009756C5 /* Main.storyboard */; };
		78218EF821DD5AEC009756C5 /* MainTabBarController.swift in Sources */ = {isa = PBXBuildFile; fileRef = 78218EF721DD5AEC009756C5 /* MainTabBarController.swift */; };
		78218EFA21DD5B41009756C5 /* Settings.storyboard in Resources */ = {isa = PBXBuildFile; fileRef = 78218EF921DD5B41009756C5 /* Settings.storyboard */; };
		78218EFD21DD5E7B009756C5 /* SettingsNavigationController.swift in Sources */ = {isa = PBXBuildFile; fileRef = 78218EFC21DD5E7B009756C5 /* SettingsNavigationController.swift */; };
		78218EFF21DD5EC3009756C5 /* SettingsTableViewController.swift in Sources */ = {isa = PBXBuildFile; fileRef = 78218EFE21DD5EC3009756C5 /* SettingsTableViewController.swift */; };
		7827198820CCD2090033CADE /* StoreKit.framework in Frameworks */ = {isa = PBXBuildFile; fileRef = 7827198720CCD2090033CADE /* StoreKit.framework */; };
		784AEC6D20D56FA900BAD8DF /* GoogleService-Info.plist in Resources */ = {isa = PBXBuildFile; fileRef = 784AEC6C20D56FA900BAD8DF /* GoogleService-Info.plist */; };
		78882C6721FC1F1A00B5B73D /* CLBLTNAddActivityPageItem.swift in Sources */ = {isa = PBXBuildFile; fileRef = 78882C6621FC1F1A00B5B73D /* CLBLTNAddActivityPageItem.swift */; };
		78AB802E1EE38D54008ACCC3 /* AppDelegate.swift in Sources */ = {isa = PBXBuildFile; fileRef = 78AB802D1EE38D54008ACCC3 /* AppDelegate.swift */; };
		78AB80351EE38D54008ACCC3 /* Assets.xcassets in Resources */ = {isa = PBXBuildFile; fileRef = 78AB80341EE38D54008ACCC3 /* Assets.xcassets */; };
		78AB80381EE38D54008ACCC3 /* LaunchScreen.storyboard in Resources */ = {isa = PBXBuildFile; fileRef = 78AB80361EE38D54008ACCC3 /* LaunchScreen.storyboard */; };
		78BAFBF421DD6EA500681548 /* CLBLTNRegisterPageItem.swift in Sources */ = {isa = PBXBuildFile; fileRef = 78BAFBF321DD6EA500681548 /* CLBLTNRegisterPageItem.swift */; };
		78BAFBF821DE725600681548 /* List.storyboard in Resources */ = {isa = PBXBuildFile; fileRef = 78BAFBF721DE725600681548 /* List.storyboard */; };
		78BAFBFB21DE729A00681548 /* ListNavigationViewController.swift in Sources */ = {isa = PBXBuildFile; fileRef = 78BAFBFA21DE729A00681548 /* ListNavigationViewController.swift */; };
		78BAFBFF21DE749A00681548 /* ListTableViewController.swift in Sources */ = {isa = PBXBuildFile; fileRef = 78BAFBFE21DE749A00681548 /* ListTableViewController.swift */; };
		78BAFC0221DE877400681548 /* CLList.swift in Sources */ = {isa = PBXBuildFile; fileRef = 78BAFC0121DE877400681548 /* CLList.swift */; };
		78BAFC0421DE89AC00681548 /* CLActivity.swift in Sources */ = {isa = PBXBuildFile; fileRef = 78BAFC0321DE89AC00681548 /* CLActivity.swift */; };
		78C0669321E118B000091D6A /* CLBLTNItemManager.swift in Sources */ = {isa = PBXBuildFile; fileRef = 78C0669221E118B000091D6A /* CLBLTNItemManager.swift */; };
		78DD9CDB21310DC900DF30E8 /* MapKit.framework in Frameworks */ = {isa = PBXBuildFile; fileRef = 78DD9CDA21310DC900DF30E8 /* MapKit.framework */; };
		78F1B7DE21DEFECE00D6773A /* CLDefaults.swift in Sources */ = {isa = PBXBuildFile; fileRef = 78F1B7DD21DEFECE00D6773A /* CLDefaults.swift */; };
		78F1B7E021DF16CD00D6773A /* ListActivityDetailView.swift in Sources */ = {isa = PBXBuildFile; fileRef = 78F1B7DF21DF16CD00D6773A /* ListActivityDetailView.swift */; };
		78F1B7E221DF1D5800D6773A /* ListSortingTableViewController.swift in Sources */ = {isa = PBXBuildFile; fileRef = 78F1B7E121DF1D5800D6773A /* ListSortingTableViewController.swift */; };
		D85C47BF82C94C989987DA37 /* Pods_Couple_List.framework in Frameworks */ = {isa = PBXBuildFile; fileRef = E9CC8470662945435B1C7B16 /* Pods_Couple_List.framework */; };
/* End PBXBuildFile section */

/* Begin PBXFileReference section */
		5F54A18AE81A9CB45B22BB0D /* Pods-Couple List.release.xcconfig */ = {isa = PBXFileReference; includeInIndex = 1; lastKnownFileType = text.xcconfig; name = "Pods-Couple List.release.xcconfig"; path = "Pods/Target Support Files/Pods-Couple List/Pods-Couple List.release.xcconfig"; sourceTree = "<group>"; };
		7805B46F1EF85580004929CA /* Couple List.entitlements */ = {isa = PBXFileReference; lastKnownFileType = text.plist.entitlements; path = "Couple List.entitlements"; sourceTree = "<group>"; };
		78218EE621DD1D1B009756C5 /* Starting.storyboard */ = {isa = PBXFileReference; lastKnownFileType = file.storyboard; path = Starting.storyboard; sourceTree = "<group>"; };
		78218EEA21DD1EB1009756C5 /* StartingViewController.swift */ = {isa = PBXFileReference; lastKnownFileType = sourcecode.swift; path = StartingViewController.swift; sourceTree = "<group>"; };
		78218EED21DD344C009756C5 /* CLBLTNPageItem.swift */ = {isa = PBXFileReference; lastKnownFileType = sourcecode.swift; path = CLBLTNPageItem.swift; sourceTree = "<group>"; };
		78218EEF21DD37CD009756C5 /* CLBLTNLoginPageItem.swift */ = {isa = PBXFileReference; lastKnownFileType = sourcecode.swift; path = CLBLTNLoginPageItem.swift; sourceTree = "<group>"; };
		78218EF121DD5838009756C5 /* CLBLTNErrorPageItem.swift */ = {isa = PBXFileReference; lastKnownFileType = sourcecode.swift; path = CLBLTNErrorPageItem.swift; sourceTree = "<group>"; };
		78218EF421DD5A0B009756C5 /* Main.storyboard */ = {isa = PBXFileReference; lastKnownFileType = file.storyboard; path = Main.storyboard; sourceTree = "<group>"; };
		78218EF721DD5AEC009756C5 /* MainTabBarController.swift */ = {isa = PBXFileReference; lastKnownFileType = sourcecode.swift; path = MainTabBarController.swift; sourceTree = "<group>"; };
		78218EF921DD5B41009756C5 /* Settings.storyboard */ = {isa = PBXFileReference; lastKnownFileType = file.storyboard; path = Settings.storyboard; sourceTree = "<group>"; };
		78218EFC21DD5E7B009756C5 /* SettingsNavigationController.swift */ = {isa = PBXFileReference; lastKnownFileType = sourcecode.swift; path = SettingsNavigationController.swift; sourceTree = "<group>"; };
		78218EFE21DD5EC3009756C5 /* SettingsTableViewController.swift */ = {isa = PBXFileReference; lastKnownFileType = sourcecode.swift; path = SettingsTableViewController.swift; sourceTree = "<group>"; };
		7827198720CCD2090033CADE /* StoreKit.framework */ = {isa = PBXFileReference; lastKnownFileType = wrapper.framework; name = StoreKit.framework; path = System/Library/Frameworks/StoreKit.framework; sourceTree = SDKROOT; };
		784AEC6C20D56FA900BAD8DF /* GoogleService-Info.plist */ = {isa = PBXFileReference; fileEncoding = 4; lastKnownFileType = text.plist.xml; path = "GoogleService-Info.plist"; sourceTree = "<group>"; };
		78882C6621FC1F1A00B5B73D /* CLBLTNAddActivityPageItem.swift */ = {isa = PBXFileReference; lastKnownFileType = sourcecode.swift; path = CLBLTNAddActivityPageItem.swift; sourceTree = "<group>"; };
		78AB802A1EE38D54008ACCC3 /* Couple List.app */ = {isa = PBXFileReference; explicitFileType = wrapper.application; includeInIndex = 0; path = "Couple List.app"; sourceTree = BUILT_PRODUCTS_DIR; };
		78AB802D1EE38D54008ACCC3 /* AppDelegate.swift */ = {isa = PBXFileReference; lastKnownFileType = sourcecode.swift; path = AppDelegate.swift; sourceTree = "<group>"; };
		78AB80341EE38D54008ACCC3 /* Assets.xcassets */ = {isa = PBXFileReference; lastKnownFileType = folder.assetcatalog; path = Assets.xcassets; sourceTree = "<group>"; };
		78AB80371EE38D54008ACCC3 /* Base */ = {isa = PBXFileReference; lastKnownFileType = file.storyboard; name = Base; path = Base.lproj/LaunchScreen.storyboard; sourceTree = "<group>"; };
		78AB80391EE38D54008ACCC3 /* Info.plist */ = {isa = PBXFileReference; lastKnownFileType = text.plist.xml; path = Info.plist; sourceTree = "<group>"; };
		78BAFBF321DD6EA500681548 /* CLBLTNRegisterPageItem.swift */ = {isa = PBXFileReference; lastKnownFileType = sourcecode.swift; path = CLBLTNRegisterPageItem.swift; sourceTree = "<group>"; };
		78BAFBF721DE725600681548 /* List.storyboard */ = {isa = PBXFileReference; lastKnownFileType = file.storyboard; path = List.storyboard; sourceTree = "<group>"; };
		78BAFBFA21DE729A00681548 /* ListNavigationViewController.swift */ = {isa = PBXFileReference; lastKnownFileType = sourcecode.swift; path = ListNavigationViewController.swift; sourceTree = "<group>"; };
		78BAFBFE21DE749A00681548 /* ListTableViewController.swift */ = {isa = PBXFileReference; lastKnownFileType = sourcecode.swift; path = ListTableViewController.swift; sourceTree = "<group>"; };
		78BAFC0121DE877400681548 /* CLList.swift */ = {isa = PBXFileReference; lastKnownFileType = sourcecode.swift; path = CLList.swift; sourceTree = "<group>"; };
		78BAFC0321DE89AC00681548 /* CLActivity.swift */ = {isa = PBXFileReference; lastKnownFileType = sourcecode.swift; path = CLActivity.swift; sourceTree = "<group>"; };
		78C0669221E118B000091D6A /* CLBLTNItemManager.swift */ = {isa = PBXFileReference; lastKnownFileType = sourcecode.swift; path = CLBLTNItemManager.swift; sourceTree = "<group>"; };
		78DD9CDA21310DC900DF30E8 /* MapKit.framework */ = {isa = PBXFileReference; lastKnownFileType = wrapper.framework; name = MapKit.framework; path = System/Library/Frameworks/MapKit.framework; sourceTree = SDKROOT; };
		78F1B7DD21DEFECE00D6773A /* CLDefaults.swift */ = {isa = PBXFileReference; lastKnownFileType = sourcecode.swift; path = CLDefaults.swift; sourceTree = "<group>"; };
		78F1B7DF21DF16CD00D6773A /* ListActivityDetailView.swift */ = {isa = PBXFileReference; lastKnownFileType = sourcecode.swift; path = ListActivityDetailView.swift; sourceTree = "<group>"; };
		78F1B7E121DF1D5800D6773A /* ListSortingTableViewController.swift */ = {isa = PBXFileReference; lastKnownFileType = sourcecode.swift; path = ListSortingTableViewController.swift; sourceTree = "<group>"; };
		C9049F0F04D4C38CD95CBDE7 /* Pods-Couple List.debug.xcconfig */ = {isa = PBXFileReference; includeInIndex = 1; lastKnownFileType = text.xcconfig; name = "Pods-Couple List.debug.xcconfig"; path = "Pods/Target Support Files/Pods-Couple List/Pods-Couple List.debug.xcconfig"; sourceTree = "<group>"; };
		E9CC8470662945435B1C7B16 /* Pods_Couple_List.framework */ = {isa = PBXFileReference; explicitFileType = wrapper.framework; includeInIndex = 0; path = Pods_Couple_List.framework; sourceTree = BUILT_PRODUCTS_DIR; };
/* End PBXFileReference section */

/* Begin PBXFrameworksBuildPhase section */
		78AB80271EE38D54008ACCC3 /* Frameworks */ = {
			isa = PBXFrameworksBuildPhase;
			buildActionMask = 2147483647;
			files = (
				D85C47BF82C94C989987DA37 /* Pods_Couple_List.framework in Frameworks */,
				78DD9CDB21310DC900DF30E8 /* MapKit.framework in Frameworks */,
				7827198820CCD2090033CADE /* StoreKit.framework in Frameworks */,
			);
			runOnlyForDeploymentPostprocessing = 0;
		};
/* End PBXFrameworksBuildPhase section */

/* Begin PBXGroup section */
		47F2AAC7A902D55F34BB0ED8 /* Frameworks */ = {
			isa = PBXGroup;
			children = (
				78DD9CDA21310DC900DF30E8 /* MapKit.framework */,
				7827198720CCD2090033CADE /* StoreKit.framework */,
				E9CC8470662945435B1C7B16 /* Pods_Couple_List.framework */,
			);
			name = Frameworks;
			sourceTree = "<group>";
		};
		78218EE921DD1EA0009756C5 /* Starting */ = {
			isa = PBXGroup;
			children = (
				78218EEA21DD1EB1009756C5 /* StartingViewController.swift */,
			);
			path = Starting;
			sourceTree = "<group>";
		};
		78218EEC21DD3431009756C5 /* CL */ = {
			isa = PBXGroup;
			children = (
				78BAFBF221DD6E5F00681548 /* BLTN */,
				78BAFC0021DE875B00681548 /* Objects */,
			);
			path = CL;
			sourceTree = "<group>";
		};
		78218EF621DD5ADD009756C5 /* Main */ = {
			isa = PBXGroup;
			children = (
				78218EF721DD5AEC009756C5 /* MainTabBarController.swift */,
			);
			path = Main;
			sourceTree = "<group>";
		};
		78218EFB21DD5E3C009756C5 /* Settings */ = {
			isa = PBXGroup;
			children = (
				78218EFC21DD5E7B009756C5 /* SettingsNavigationController.swift */,
				78218EFE21DD5EC3009756C5 /* SettingsTableViewController.swift */,
			);
			path = Settings;
			sourceTree = "<group>";
		};
		78218F0421DD6D1F009756C5 /* Views */ = {
			isa = PBXGroup;
			children = (
				78BAFBF921DE727400681548 /* List */,
				78218EF621DD5ADD009756C5 /* Main */,
				78218EE921DD1EA0009756C5 /* Starting */,
				78218EFB21DD5E3C009756C5 /* Settings */,
			);
			path = Views;
			sourceTree = "<group>";
		};
		78786F9D1F58D8040095ED2D /* Storyboards */ = {
			isa = PBXGroup;
			children = (
				78AB80361EE38D54008ACCC3 /* LaunchScreen.storyboard */,
				78BAFBF721DE725600681548 /* List.storyboard */,
				78218EF421DD5A0B009756C5 /* Main.storyboard */,
				78218EE621DD1D1B009756C5 /* Starting.storyboard */,
				78218EF921DD5B41009756C5 /* Settings.storyboard */,
			);
			path = Storyboards;
			sourceTree = "<group>";
		};
		78AB80211EE38D54008ACCC3 = {
			isa = PBXGroup;
			children = (
				78AB802C1EE38D54008ACCC3 /* Couple List */,
				78AB802B1EE38D54008ACCC3 /* Products */,
				EAB18B2D1645562277BB8D35 /* Pods */,
				47F2AAC7A902D55F34BB0ED8 /* Frameworks */,
			);
			sourceTree = "<group>";
		};
		78AB802B1EE38D54008ACCC3 /* Products */ = {
			isa = PBXGroup;
			children = (
				78AB802A1EE38D54008ACCC3 /* Couple List.app */,
			);
			name = Products;
			sourceTree = "<group>";
		};
		78AB802C1EE38D54008ACCC3 /* Couple List */ = {
			isa = PBXGroup;
			children = (
				78218EEC21DD3431009756C5 /* CL */,
				78786F9D1F58D8040095ED2D /* Storyboards */,
				78218F0421DD6D1F009756C5 /* Views */,
				7805B46F1EF85580004929CA /* Couple List.entitlements */,
				784AEC6C20D56FA900BAD8DF /* GoogleService-Info.plist */,
				78AB80391EE38D54008ACCC3 /* Info.plist */,
				78AB80341EE38D54008ACCC3 /* Assets.xcassets */,
				78AB802D1EE38D54008ACCC3 /* AppDelegate.swift */,
			);
			path = "Couple List";
			sourceTree = "<group>";
		};
		78BAFBF221DD6E5F00681548 /* BLTN */ = {
			isa = PBXGroup;
			children = (
				78882C6621FC1F1A00B5B73D /* CLBLTNAddActivityPageItem.swift */,
				78218EF121DD5838009756C5 /* CLBLTNErrorPageItem.swift */,
				78C0669221E118B000091D6A /* CLBLTNItemManager.swift */,
				78218EEF21DD37CD009756C5 /* CLBLTNLoginPageItem.swift */,
				78218EED21DD344C009756C5 /* CLBLTNPageItem.swift */,
				78BAFBF321DD6EA500681548 /* CLBLTNRegisterPageItem.swift */,
			);
			path = BLTN;
			sourceTree = "<group>";
		};
		78BAFBF921DE727400681548 /* List */ = {
			isa = PBXGroup;
			children = (
				78BAFBFA21DE729A00681548 /* ListNavigationViewController.swift */,
				78BAFBFE21DE749A00681548 /* ListTableViewController.swift */,
				78F1B7DF21DF16CD00D6773A /* ListActivityDetailView.swift */,
				78F1B7E121DF1D5800D6773A /* ListSortingTableViewController.swift */,
			);
			path = List;
			sourceTree = "<group>";
		};
		78BAFC0021DE875B00681548 /* Objects */ = {
			isa = PBXGroup;
			children = (
				78BAFC0321DE89AC00681548 /* CLActivity.swift */,
				78F1B7DD21DEFECE00D6773A /* CLDefaults.swift */,
				78BAFC0121DE877400681548 /* CLList.swift */,
			);
			path = Objects;
			sourceTree = "<group>";
		};
		EAB18B2D1645562277BB8D35 /* Pods */ = {
			isa = PBXGroup;
			children = (
				C9049F0F04D4C38CD95CBDE7 /* Pods-Couple List.debug.xcconfig */,
				5F54A18AE81A9CB45B22BB0D /* Pods-Couple List.release.xcconfig */,
			);
			name = Pods;
			sourceTree = "<group>";
		};
/* End PBXGroup section */

/* Begin PBXNativeTarget section */
		78AB80291EE38D54008ACCC3 /* Couple List */ = {
			isa = PBXNativeTarget;
			buildConfigurationList = 78AB803C1EE38D54008ACCC3 /* Build configuration list for PBXNativeTarget "Couple List" */;
			buildPhases = (
				AF8CC2BBE7470BA936FB9235 /* [CP] Check Pods Manifest.lock */,
				78AB80261EE38D54008ACCC3 /* Sources */,
				78AB80271EE38D54008ACCC3 /* Frameworks */,
				78AB80281EE38D54008ACCC3 /* Resources */,
				3641B3DFE4751076C270F38A /* [CP] Embed Pods Frameworks */,
			);
			buildRules = (
			);
			dependencies = (
			);
			name = "Couple List";
			productName = "Couple List";
			productReference = 78AB802A1EE38D54008ACCC3 /* Couple List.app */;
			productType = "com.apple.product-type.application";
		};
/* End PBXNativeTarget section */

/* Begin PBXProject section */
		78AB80221EE38D54008ACCC3 /* Project object */ = {
			isa = PBXProject;
			attributes = {
				LastSwiftUpdateCheck = 0830;
				LastUpgradeCheck = 0900;
				ORGANIZATIONNAME = "Kirin Patel";
				TargetAttributes = {
					78AB80291EE38D54008ACCC3 = {
						CreatedOnToolsVersion = 8.3.2;
						LastSwiftMigration = 1010;
						ProvisioningStyle = Automatic;
						SystemCapabilities = {
							com.apple.AutoFillCredentialProvider = {
								enabled = 0;
							};
							com.apple.BackgroundModes = {
								enabled = 1;
							};
							com.apple.InAppPurchase = {
								enabled = 1;
							};
							com.apple.Maps.iOS = {
								enabled = 1;
							};
							com.apple.Push = {
								enabled = 1;
							};
							com.apple.SafariKeychain = {
								enabled = 1;
							};
						};
					};
				};
			};
			buildConfigurationList = 78AB80251EE38D54008ACCC3 /* Build configuration list for PBXProject "Couple List" */;
			compatibilityVersion = "Xcode 8.0";
			developmentRegion = English;
			hasScannedForEncodings = 0;
			knownRegions = (
				en,
				Base,
			);
			mainGroup = 78AB80211EE38D54008ACCC3;
			productRefGroup = 78AB802B1EE38D54008ACCC3 /* Products */;
			projectDirPath = "";
			projectRoot = "";
			targets = (
				78AB80291EE38D54008ACCC3 /* Couple List */,
			);
		};
/* End PBXProject section */

/* Begin PBXResourcesBuildPhase section */
		78AB80281EE38D54008ACCC3 /* Resources */ = {
			isa = PBXResourcesBuildPhase;
			buildActionMask = 2147483647;
			files = (
				78AB80381EE38D54008ACCC3 /* LaunchScreen.storyboard in Resources */,
				78BAFBF821DE725600681548 /* List.storyboard in Resources */,
				78218EF521DD5A0B009756C5 /* Main.storyboard in Resources */,
				78218EE721DD1D1B009756C5 /* Starting.storyboard in Resources */,
				78218EFA21DD5B41009756C5 /* Settings.storyboard in Resources */,
				784AEC6D20D56FA900BAD8DF /* GoogleService-Info.plist in Resources */,
				78AB80351EE38D54008ACCC3 /* Assets.xcassets in Resources */,
			);
			runOnlyForDeploymentPostprocessing = 0;
		};
/* End PBXResourcesBuildPhase section */

/* Begin PBXShellScriptBuildPhase section */
		3641B3DFE4751076C270F38A /* [CP] Embed Pods Frameworks */ = {
			isa = PBXShellScriptBuildPhase;
			buildActionMask = 2147483647;
			files = (
			);
			inputPaths = (
				"${SRCROOT}/Pods/Target Support Files/Pods-Couple List/Pods-Couple List-frameworks.sh",
				"${BUILT_PRODUCTS_DIR}/Ambience/Ambience.framework",
				"${BUILT_PRODUCTS_DIR}/BulletinBoard/BLTNBoard.framework",
				"${BUILT_PRODUCTS_DIR}/GTMSessionFetcher/GTMSessionFetcher.framework",
				"${BUILT_PRODUCTS_DIR}/GoogleToolboxForMac/GoogleToolboxForMac.framework",
				"${BUILT_PRODUCTS_DIR}/Protobuf/Protobuf.framework",
				"${BUILT_PRODUCTS_DIR}/leveldb-library/leveldb.framework",
				"${BUILT_PRODUCTS_DIR}/nanopb/nanopb.framework",
			);
			name = "[CP] Embed Pods Frameworks";
			outputPaths = (
				"${TARGET_BUILD_DIR}/${FRAMEWORKS_FOLDER_PATH}/Ambience.framework",
				"${TARGET_BUILD_DIR}/${FRAMEWORKS_FOLDER_PATH}/BLTNBoard.framework",
				"${TARGET_BUILD_DIR}/${FRAMEWORKS_FOLDER_PATH}/GTMSessionFetcher.framework",
				"${TARGET_BUILD_DIR}/${FRAMEWORKS_FOLDER_PATH}/GoogleToolboxForMac.framework",
				"${TARGET_BUILD_DIR}/${FRAMEWORKS_FOLDER_PATH}/Protobuf.framework",
				"${TARGET_BUILD_DIR}/${FRAMEWORKS_FOLDER_PATH}/leveldb.framework",
				"${TARGET_BUILD_DIR}/${FRAMEWORKS_FOLDER_PATH}/nanopb.framework",
			);
			runOnlyForDeploymentPostprocessing = 0;
			shellPath = /bin/sh;
			shellScript = "\"${SRCROOT}/Pods/Target Support Files/Pods-Couple List/Pods-Couple List-frameworks.sh\"\n";
			showEnvVarsInLog = 0;
		};
		AF8CC2BBE7470BA936FB9235 /* [CP] Check Pods Manifest.lock */ = {
			isa = PBXShellScriptBuildPhase;
			buildActionMask = 2147483647;
			files = (
			);
			inputPaths = (
				"${PODS_PODFILE_DIR_PATH}/Podfile.lock",
				"${PODS_ROOT}/Manifest.lock",
			);
			name = "[CP] Check Pods Manifest.lock";
			outputPaths = (
				"$(DERIVED_FILE_DIR)/Pods-Couple List-checkManifestLockResult.txt",
			);
			runOnlyForDeploymentPostprocessing = 0;
			shellPath = /bin/sh;
			shellScript = "diff \"${PODS_PODFILE_DIR_PATH}/Podfile.lock\" \"${PODS_ROOT}/Manifest.lock\" > /dev/null\nif [ $? != 0 ] ; then\n    # print error to STDERR\n    echo \"error: The sandbox is not in sync with the Podfile.lock. Run 'pod install' or update your CocoaPods installation.\" >&2\n    exit 1\nfi\n# This output is used by Xcode 'outputs' to avoid re-running this script phase.\necho \"SUCCESS\" > \"${SCRIPT_OUTPUT_FILE_0}\"\n";
			showEnvVarsInLog = 0;
		};
/* End PBXShellScriptBuildPhase section */

/* Begin PBXSourcesBuildPhase section */
		78AB80261EE38D54008ACCC3 /* Sources */ = {
			isa = PBXSourcesBuildPhase;
			buildActionMask = 2147483647;
			files = (
				78218EF221DD5838009756C5 /* CLBLTNErrorPageItem.swift in Sources */,
				78218EF021DD37CD009756C5 /* CLBLTNLoginPageItem.swift in Sources */,
				78C0669321E118B000091D6A /* CLBLTNItemManager.swift in Sources */,
				78F1B7DE21DEFECE00D6773A /* CLDefaults.swift in Sources */,
				78BAFC0221DE877400681548 /* CLList.swift in Sources */,
				78218EEE21DD344C009756C5 /* CLBLTNPageItem.swift in Sources */,
				78218EFD21DD5E7B009756C5 /* SettingsNavigationController.swift in Sources */,
				78BAFBF421DD6EA500681548 /* CLBLTNRegisterPageItem.swift in Sources */,
				78218EFF21DD5EC3009756C5 /* SettingsTableViewController.swift in Sources */,
				78F1B7E221DF1D5800D6773A /* ListSortingTableViewController.swift in Sources */,
				78BAFBFB21DE729A00681548 /* ListNavigationViewController.swift in Sources */,
				78882C6721FC1F1A00B5B73D /* CLBLTNAddActivityPageItem.swift in Sources */,
				78F1B7E021DF16CD00D6773A /* ListActivityDetailView.swift in Sources */,
				78218EEB21DD1EB1009756C5 /* StartingViewController.swift in Sources */,
				78BAFBFF21DE749A00681548 /* ListTableViewController.swift in Sources */,
				78BAFC0421DE89AC00681548 /* CLActivity.swift in Sources */,
				78AB802E1EE38D54008ACCC3 /* AppDelegate.swift in Sources */,
				78218EF821DD5AEC009756C5 /* MainTabBarController.swift in Sources */,
			);
			runOnlyForDeploymentPostprocessing = 0;
		};
/* End PBXSourcesBuildPhase section */

/* Begin PBXVariantGroup section */
		78AB80361EE38D54008ACCC3 /* LaunchScreen.storyboard */ = {
			isa = PBXVariantGroup;
			children = (
				78AB80371EE38D54008ACCC3 /* Base */,
			);
			name = LaunchScreen.storyboard;
			sourceTree = "<group>";
		};
/* End PBXVariantGroup section */

/* Begin XCBuildConfiguration section */
		78AB803A1EE38D54008ACCC3 /* Debug */ = {
			isa = XCBuildConfiguration;
			buildSettings = {
				ALWAYS_SEARCH_USER_PATHS = NO;
				CLANG_ANALYZER_NONNULL = YES;
				CLANG_ANALYZER_NUMBER_OBJECT_CONVERSION = YES_AGGRESSIVE;
				CLANG_CXX_LANGUAGE_STANDARD = "gnu++0x";
				CLANG_CXX_LIBRARY = "libc++";
				CLANG_ENABLE_MODULES = YES;
				CLANG_ENABLE_OBJC_ARC = YES;
				CLANG_WARN_BLOCK_CAPTURE_AUTORELEASING = YES;
				CLANG_WARN_BOOL_CONVERSION = YES;
				CLANG_WARN_COMMA = YES;
				CLANG_WARN_CONSTANT_CONVERSION = YES;
				CLANG_WARN_DIRECT_OBJC_ISA_USAGE = YES_ERROR;
				CLANG_WARN_DOCUMENTATION_COMMENTS = YES;
				CLANG_WARN_EMPTY_BODY = YES;
				CLANG_WARN_ENUM_CONVERSION = YES;
				CLANG_WARN_INFINITE_RECURSION = YES;
				CLANG_WARN_INT_CONVERSION = YES;
				CLANG_WARN_NON_LITERAL_NULL_CONVERSION = YES;
				CLANG_WARN_OBJC_LITERAL_CONVERSION = YES;
				CLANG_WARN_OBJC_ROOT_CLASS = YES_ERROR;
				CLANG_WARN_RANGE_LOOP_ANALYSIS = YES;
				CLANG_WARN_STRICT_PROTOTYPES = YES;
				CLANG_WARN_SUSPICIOUS_MOVE = YES;
				CLANG_WARN_UNREACHABLE_CODE = YES;
				CLANG_WARN__DUPLICATE_METHOD_MATCH = YES;
				"CODE_SIGN_IDENTITY[sdk=iphoneos*]" = "iPhone Developer";
				COPY_PHASE_STRIP = NO;
				DEBUG_INFORMATION_FORMAT = dwarf;
				ENABLE_STRICT_OBJC_MSGSEND = YES;
				ENABLE_TESTABILITY = YES;
				GCC_C_LANGUAGE_STANDARD = gnu99;
				GCC_DYNAMIC_NO_PIC = NO;
				GCC_NO_COMMON_BLOCKS = YES;
				GCC_OPTIMIZATION_LEVEL = 0;
				GCC_PREPROCESSOR_DEFINITIONS = (
					"DEBUG=1",
					"$(inherited)",
				);
				GCC_WARN_64_TO_32_BIT_CONVERSION = YES;
				GCC_WARN_ABOUT_RETURN_TYPE = YES_ERROR;
				GCC_WARN_UNDECLARED_SELECTOR = YES;
				GCC_WARN_UNINITIALIZED_AUTOS = YES_AGGRESSIVE;
				GCC_WARN_UNUSED_FUNCTION = YES;
				GCC_WARN_UNUSED_VARIABLE = YES;
				IPHONEOS_DEPLOYMENT_TARGET = 10.3;
				MTL_ENABLE_DEBUG_INFO = YES;
				ONLY_ACTIVE_ARCH = YES;
				SDKROOT = iphoneos;
				SWIFT_ACTIVE_COMPILATION_CONDITIONS = DEBUG;
				SWIFT_OPTIMIZATION_LEVEL = "-Onone";
			};
			name = Debug;
		};
		78AB803B1EE38D54008ACCC3 /* Release */ = {
			isa = XCBuildConfiguration;
			buildSettings = {
				ALWAYS_SEARCH_USER_PATHS = NO;
				CLANG_ANALYZER_NONNULL = YES;
				CLANG_ANALYZER_NUMBER_OBJECT_CONVERSION = YES_AGGRESSIVE;
				CLANG_CXX_LANGUAGE_STANDARD = "gnu++0x";
				CLANG_CXX_LIBRARY = "libc++";
				CLANG_ENABLE_MODULES = YES;
				CLANG_ENABLE_OBJC_ARC = YES;
				CLANG_WARN_BLOCK_CAPTURE_AUTORELEASING = YES;
				CLANG_WARN_BOOL_CONVERSION = YES;
				CLANG_WARN_COMMA = YES;
				CLANG_WARN_CONSTANT_CONVERSION = YES;
				CLANG_WARN_DIRECT_OBJC_ISA_USAGE = YES_ERROR;
				CLANG_WARN_DOCUMENTATION_COMMENTS = YES;
				CLANG_WARN_EMPTY_BODY = YES;
				CLANG_WARN_ENUM_CONVERSION = YES;
				CLANG_WARN_INFINITE_RECURSION = YES;
				CLANG_WARN_INT_CONVERSION = YES;
				CLANG_WARN_NON_LITERAL_NULL_CONVERSION = YES;
				CLANG_WARN_OBJC_LITERAL_CONVERSION = YES;
				CLANG_WARN_OBJC_ROOT_CLASS = YES_ERROR;
				CLANG_WARN_RANGE_LOOP_ANALYSIS = YES;
				CLANG_WARN_STRICT_PROTOTYPES = YES;
				CLANG_WARN_SUSPICIOUS_MOVE = YES;
				CLANG_WARN_UNREACHABLE_CODE = YES;
				CLANG_WARN__DUPLICATE_METHOD_MATCH = YES;
				"CODE_SIGN_IDENTITY[sdk=iphoneos*]" = "iPhone Developer";
				COPY_PHASE_STRIP = NO;
				DEBUG_INFORMATION_FORMAT = "dwarf-with-dsym";
				ENABLE_NS_ASSERTIONS = NO;
				ENABLE_STRICT_OBJC_MSGSEND = YES;
				GCC_C_LANGUAGE_STANDARD = gnu99;
				GCC_NO_COMMON_BLOCKS = YES;
				GCC_WARN_64_TO_32_BIT_CONVERSION = YES;
				GCC_WARN_ABOUT_RETURN_TYPE = YES_ERROR;
				GCC_WARN_UNDECLARED_SELECTOR = YES;
				GCC_WARN_UNINITIALIZED_AUTOS = YES_AGGRESSIVE;
				GCC_WARN_UNUSED_FUNCTION = YES;
				GCC_WARN_UNUSED_VARIABLE = YES;
				IPHONEOS_DEPLOYMENT_TARGET = 10.3;
				MTL_ENABLE_DEBUG_INFO = NO;
				SDKROOT = iphoneos;
				SWIFT_OPTIMIZATION_LEVEL = "-Owholemodule";
				VALIDATE_PRODUCT = YES;
			};
			name = Release;
		};
		78AB803D1EE38D54008ACCC3 /* Debug */ = {
			isa = XCBuildConfiguration;
			baseConfigurationReference = C9049F0F04D4C38CD95CBDE7 /* Pods-Couple List.debug.xcconfig */;
			buildSettings = {
				ASSETCATALOG_COMPILER_APPICON_NAME = AppIcon;
				CODE_SIGN_ENTITLEMENTS = "Couple List/Couple List.entitlements";
				DEBUG_INFORMATION_FORMAT = "dwarf-with-dsym";
				DEVELOPMENT_TEAM = T4GLZ43QVM;
				INFOPLIST_FILE = "Couple List/Info.plist";
				IPHONEOS_DEPLOYMENT_TARGET = 11.0;
				LD_RUNPATH_SEARCH_PATHS = "$(inherited) @executable_path/Frameworks";
				PRODUCT_BUNDLE_IDENTIFIER = com.kirinpatel.couplelist;
				PRODUCT_NAME = "$(TARGET_NAME)";
				SWIFT_VERSION = 4.2;
				TARGETED_DEVICE_FAMILY = "1,2";
			};
			name = Debug;
		};
		78AB803E1EE38D54008ACCC3 /* Release */ = {
			isa = XCBuildConfiguration;
			baseConfigurationReference = 5F54A18AE81A9CB45B22BB0D /* Pods-Couple List.release.xcconfig */;
			buildSettings = {
				ASSETCATALOG_COMPILER_APPICON_NAME = AppIcon;
				CODE_SIGN_ENTITLEMENTS = "Couple List/Couple List.entitlements";
				DEVELOPMENT_TEAM = T4GLZ43QVM;
				INFOPLIST_FILE = "Couple List/Info.plist";
				IPHONEOS_DEPLOYMENT_TARGET = 11.0;
				LD_RUNPATH_SEARCH_PATHS = "$(inherited) @executable_path/Frameworks";
				PRODUCT_BUNDLE_IDENTIFIER = com.kirinpatel.couplelist;
				PRODUCT_NAME = "$(TARGET_NAME)";
				SWIFT_VERSION = 4.2;
				TARGETED_DEVICE_FAMILY = "1,2";
			};
			name = Release;
		};
/* End XCBuildConfiguration section */

/* Begin XCConfigurationList section */
		78AB80251EE38D54008ACCC3 /* Build configuration list for PBXProject "Couple List" */ = {
			isa = XCConfigurationList;
			buildConfigurations = (
				78AB803A1EE38D54008ACCC3 /* Debug */,
				78AB803B1EE38D54008ACCC3 /* Release */,
			);
			defaultConfigurationIsVisible = 0;
			defaultConfigurationName = Release;
		};
		78AB803C1EE38D54008ACCC3 /* Build configuration list for PBXNativeTarget "Couple List" */ = {
			isa = XCConfigurationList;
			buildConfigurations = (
				78AB803D1EE38D54008ACCC3 /* Debug */,
				78AB803E1EE38D54008ACCC3 /* Release */,
			);
			defaultConfigurationIsVisible = 0;
			defaultConfigurationName = Release;
		};
/* End XCConfigurationList section */
	};
	rootObject = 78AB80221EE38D54008ACCC3 /* Project object */;
}
